{
  "name": "Angular_Material",
  "lockfileVersion": 2,
  "requires": true,
  "packages": {
    "": {
      "dependencies": {
        "@angular/animations": "^13.3.7",
        "@angular/cdk": "^13.3.7",
        "@angular/material": "^13.3.7"
      }
    },
    "node_modules/@angular/animations": {
      "version": "13.3.7",
      "resolved": "https://registry.npmjs.org/@angular/animations/-/animations-13.3.7.tgz",
      "integrity": "sha512-TfS/VT0dijybr/LH0gpfFdZ0rMcaN63ViODvloN2Tpi1r3US3eqxeq0/da5aoltR3B2dCdsVbEjQYXw55K17Dw==",
      "dependencies": {
        "tslib": "^2.3.0"
      },
      "engines": {
        "node": "^12.20.0 || ^14.15.0 || >=16.10.0"
      },
      "peerDependencies": {
        "@angular/core": "13.3.7"
      }
    },
    "node_modules/@angular/cdk": {
      "version": "13.3.7",
      "resolved": "https://registry.npmjs.org/@angular/cdk/-/cdk-13.3.7.tgz",
      "integrity": "sha512-HtGqlrt4+ikbpzooF0LT/uMW6fgRJxLRUoOwkTY1oHhfNXhQaE2p8XEUH2qshl28aCIF8r8zrb6jpd4VqC+tyg==",
      "dependencies": {
        "tslib": "^2.3.0"
      },
      "optionalDependencies": {
        "parse5": "^5.0.0"
      },
      "peerDependencies": {
        "@angular/common": "^13.0.0 || ^14.0.0-0",
        "@angular/core": "^13.0.0 || ^14.0.0-0",
        "rxjs": "^6.5.3 || ^7.4.0"
      }
    },
    "node_modules/@angular/common": {
      "version": "13.3.7",
      "resolved": "https://registry.npmjs.org/@angular/common/-/common-13.3.7.tgz",
      "integrity": "sha512-Aq910YxeW8WNQ3o5dBxYXK32TJtknL4cMCTXxbUU1G/5xnZq7x0zc2isKnT1kkh0EjtvNUzbKxh4ikWBo8OL4Q==",
      "peer": true,
      "dependencies": {
        "tslib": "^2.3.0"
      },
      "engines": {
        "node": "^12.20.0 || ^14.15.0 || >=16.10.0"
      },
      "peerDependencies": {
        "@angular/core": "13.3.7",
        "rxjs": "^6.5.3 || ^7.4.0"
      }
    },
    "node_modules/@angular/core": {
      "version": "13.3.7",
      "resolved": "https://registry.npmjs.org/@angular/core/-/core-13.3.7.tgz",
      "integrity": "sha512-J3fwnue/Mc0LWMk5wTDl56N42P6IxGS2+BLDZmTV5sG9nYCM/dQvIyYIys/RKsQrA0+UbusWesEZDRYWG5zTYg==",
      "peer": true,
      "dependencies": {
        "tslib": "^2.3.0"
      },
      "engines": {
        "node": "^12.20.0 || ^14.15.0 || >=16.10.0"
      },
      "peerDependencies": {
        "rxjs": "^6.5.3 || ^7.4.0",
        "zone.js": "~0.11.4"
      }
    },
    "node_modules/@angular/forms": {
      "version": "13.3.7",
      "resolved": "https://registry.npmjs.org/@angular/forms/-/forms-13.3.7.tgz",
      "integrity": "sha512-yzf+arPn/ycLgSLOUIV1S43vO4ZM3xMoKX3Isnr/22GWzN7K+BWkR85rgTN8lAlaWVxC67vTvNMw2qiSfYfAgQ==",
      "peer": true,
      "dependencies": {
        "tslib": "^2.3.0"
      },
      "engines": {
        "node": "^12.20.0 || ^14.15.0 || >=16.10.0"
      },
      "peerDependencies": {
        "@angular/common": "13.3.7",
        "@angular/core": "13.3.7",
        "@angular/platform-browser": "13.3.7",
        "rxjs": "^6.5.3 || ^7.4.0"
      }
    },
    "node_modules/@angular/material": {
      "version": "13.3.7",
      "resolved": "https://registry.npmjs.org/@angular/material/-/material-13.3.7.tgz",
      "integrity": "sha512-CXdLvohaxl3Nii6I70pEJX2FZRRkBPNiocUNP39hFHXf2PW/eNYCN8TS5DG2uOAaR2wyPwrXrU95mDjgvlqXqQ==",
      "dependencies": {
        "tslib": "^2.3.0"
      },
      "peerDependencies": {
        "@angular/animations": "^13.0.0 || ^14.0.0-0",
        "@angular/cdk": "13.3.7",
        "@angular/common": "^13.0.0 || ^14.0.0-0",
        "@angular/core": "^13.0.0 || ^14.0.0-0",
        "@angular/forms": "^13.0.0 || ^14.0.0-0",
        "@angular/platform-browser": "^13.0.0 || ^14.0.0-0",
        "rxjs": "^6.5.3 || ^7.4.0"
      }
    },
    "node_modules/@angular/platform-browser": {
      "version": "13.3.7",
      "resolved": "https://registry.npmjs.org/@angular/platform-browser/-/platform-browser-13.3.7.tgz",
      "integrity": "sha512-j26wkT0haAgijz0Q3a7G5wCCRWmpcnCB7q2eMgA/Vw4eNiRJDjVqtWLZSt7EcYkZcgkslWdtqFk+UTyfy0X3ig==",
      "peer": true,
      "dependencies": {
        "tslib": "^2.3.0"
      },
      "engines": {
        "node": "^12.20.0 || ^14.15.0 || >=16.10.0"
      },
      "peerDependencies": {
        "@angular/animations": "13.3.7",
        "@angular/common": "13.3.7",
        "@angular/core": "13.3.7"
      },
      "peerDependenciesMeta": {
        "@angular/animations": {
          "optional": true
        }
      }
    },
    "node_modules/parse5": {
      "version": "5.1.1",
      "resolved": "https://registry.npmjs.org/parse5/-/parse5-5.1.1.tgz",
      "integrity": "sha512-ugq4DFI0Ptb+WWjAdOK16+u/nHfiIrcE+sh8kZMaM0WllQKLI9rOUq6c2b7cwPkXdzfQESqvoqK6ug7U/Yyzug==",
      "optional": true
    },
    "node_modules/rxjs": {
      "version": "7.5.5",
      "resolved": "https://registry.npmjs.org/rxjs/-/rxjs-7.5.5.tgz",
      "integrity": "sha512-sy+H0pQofO95VDmFLzyaw9xNJU4KTRSwQIGM6+iG3SypAtCiLDzpeG8sJrNCWn2Up9km+KhkvTdbkrdy+yzZdw==",
      "peer": true,
      "dependencies": {
        "tslib": "^2.1.0"
      }
    },
    "node_modules/tslib": {
      "version": "2.4.0",
      "resolved": "https://registry.npmjs.org/tslib/-/tslib-2.4.0.tgz",
      "integrity": "sha512-d6xOpEDfsi2CZVlPQzGeux8XMwLT9hssAsaPYExaQMuYskwb+x1x7J371tWlbBdWHroy99KnVB6qIkUbs5X3UQ=="
    },
    "node_modules/zone.js": {
      "version": "0.11.5",
      "resolved": "https://registry.npmjs.org/zone.js/-/zone.js-0.11.5.tgz",
      "integrity": "sha512-D1/7VxEuQ7xk6z/kAROe4SUbd9CzxY4zOwVGnGHerd/SgLIVU5f4esDzQUsOCeArn933BZfWMKydH7l7dPEp0g==",
      "peer": true,
      "dependencies": {
        "tslib": "^2.3.0"
      }
    }
  },
  "dependencies": {
    "@angular/animations": {
      "version": "13.3.7",
      "resolved": "https://registry.npmjs.org/@angular/animations/-/animations-13.3.7.tgz",
      "integrity": "sha512-TfS/VT0dijybr/LH0gpfFdZ0rMcaN63ViODvloN2Tpi1r3US3eqxeq0/da5aoltR3B2dCdsVbEjQYXw55K17Dw==",
      "requires": {
        "tslib": "^2.3.0"
      }
    },
    "@angular/cdk": {
      "version": "13.3.7",
      "resolved": "https://registry.npmjs.org/@angular/cdk/-/cdk-13.3.7.tgz",
      "integrity": "sha512-HtGqlrt4+ikbpzooF0LT/uMW6fgRJxLRUoOwkTY1oHhfNXhQaE2p8XEUH2qshl28aCIF8r8zrb6jpd4VqC+tyg==",
      "requires": {
        "parse5": "^5.0.0",
        "tslib": "^2.3.0"
      }
    },
    "@angular/common": {
      "version": "13.3.7",
      "resolved": "https://registry.npmjs.org/@angular/common/-/common-13.3.7.tgz",
      "integrity": "sha512-Aq910YxeW8WNQ3o5dBxYXK32TJtknL4cMCTXxbUU1G/5xnZq7x0zc2isKnT1kkh0EjtvNUzbKxh4ikWBo8OL4Q==",
      "peer": true,
      "requires": {
        "tslib": "^2.3.0"
      }
    },
    "@angular/core": {
      "version": "13.3.7",
      "resolved": "https://registry.npmjs.org/@angular/core/-/core-13.3.7.tgz",
      "integrity": "sha512-J3fwnue/Mc0LWMk5wTDl56N42P6IxGS2+BLDZmTV5sG9nYCM/dQvIyYIys/RKsQrA0+UbusWesEZDRYWG5zTYg==",
      "peer": true,
      "requires": {
        "tslib": "^2.3.0"
      }
    },
    "@angular/forms": {
      "version": "13.3.7",
      "resolved": "https://registry.npmjs.org/@angular/forms/-/forms-13.3.7.tgz",
      "integrity": "sha512-yzf+arPn/ycLgSLOUIV1S43vO4ZM3xMoKX3Isnr/22GWzN7K+BWkR85rgTN8lAlaWVxC67vTvNMw2qiSfYfAgQ==",
      "peer": true,
      "requires": {
        "tslib": "^2.3.0"
      }
    },
    "@angular/material": {
      "version": "13.3.7",
      "resolved": "https://registry.npmjs.org/@angular/material/-/material-13.3.7.tgz",
      "integrity": "sha512-CXdLvohaxl3Nii6I70pEJX2FZRRkBPNiocUNP39hFHXf2PW/eNYCN8TS5DG2uOAaR2wyPwrXrU95mDjgvlqXqQ==",
      "requires": {
        "tslib": "^2.3.0"
      }
    },
    "@angular/platform-browser": {
      "version": "13.3.7",
      "resolved": "https://registry.npmjs.org/@angular/platform-browser/-/platform-browser-13.3.7.tgz",
      "integrity": "sha512-j26wkT0haAgijz0Q3a7G5wCCRWmpcnCB7q2eMgA/Vw4eNiRJDjVqtWLZSt7EcYkZcgkslWdtqFk+UTyfy0X3ig==",
      "peer": true,
      "requires": {
        "tslib": "^2.3.0"
      }
    },
    "parse5": {
      "version": "5.1.1",
      "resolved": "https://registry.npmjs.org/parse5/-/parse5-5.1.1.tgz",
      "integrity": "sha512-ugq4DFI0Ptb+WWjAdOK16+u/nHfiIrcE+sh8kZMaM0WllQKLI9rOUq6c2b7cwPkXdzfQESqvoqK6ug7U/Yyzug==",
      "optional": true
    },
    "rxjs": {
      "version": "7.5.5",
      "resolved": "https://registry.npmjs.org/rxjs/-/rxjs-7.5.5.tgz",
      "integrity": "sha512-sy+H0pQofO95VDmFLzyaw9xNJU4KTRSwQIGM6+iG3SypAtCiLDzpeG8sJrNCWn2Up9km+KhkvTdbkrdy+yzZdw==",
      "peer": true,
      "requires": {
        "tslib": "^2.1.0"
      }
    },
    "tslib": {
      "version": "2.4.0",
      "resolved": "https://registry.npmjs.org/tslib/-/tslib-2.4.0.tgz",
      "integrity": "sha512-d6xOpEDfsi2CZVlPQzGeux8XMwLT9hssAsaPYExaQMuYskwb+x1x7J371tWlbBdWHroy99KnVB6qIkUbs5X3UQ=="
    },
    "zone.js": {
      "version": "0.11.5",
      "resolved": "https://registry.npmjs.org/zone.js/-/zone.js-0.11.5.tgz",
      "integrity": "sha512-D1/7VxEuQ7xk6z/kAROe4SUbd9CzxY4zOwVGnGHerd/SgLIVU5f4esDzQUsOCeArn933BZfWMKydH7l7dPEp0g==",
      "peer": true,
      "requires": {
        "tslib": "^2.3.0"
      }
    }
  }
}
